# This file is automatically @generated by Cargo.
# It is not intended for manual editing.
version = 3

[[package]]
name = "backlit-clipboard"
version = "0.1.0"
dependencies = [
 "backlit-common",
]

[[package]]
name = "backlit-common"
version = "0.1.0"

[[package]]
name = "backlit-compositor"
version = "0.1.0"
dependencies = [
 "backlit-common",
 "backlit-compositor-backend",
 "backlit-demo-client",
 "backlit-protocols",
 "backlit-surface",
 "backlit-window-policy",
]

[[package]]
name = "backlit-compositor-backend"
version = "0.1.0"
dependencies = [
 "backlit-common",
]

[[package]]
name = "backlit-demo-client"
version = "0.1.0"
dependencies = [
 "backlit-common",
 "backlit-window-policy",
]

[[package]]
name = "backlit-input"
version = "0.1.0"
dependencies = [
 "backlit-common",
 "backlit-launcher",
 "backlit-shortcuts",
 "backlit-window-policy",
]

[[package]]
name = "backlit-launcher"
version = "0.1.0"
dependencies = [
 "backlit-common",
]

[[package]]
name = "backlit-notification-daemon"
version = "0.1.0"
dependencies = [
 "backlit-common",
]

[[package]]
name = "backlit-perf"
version = "0.1.0"
dependencies = [
 "backlit-common",
 "backlit-compositor-backend",
 "backlit-demo-client",
 "backlit-protocols",
 "backlit-window-policy",
]

[[package]]
name = "backlit-portal-backend"
version = "0.1.0"
dependencies = [
 "backlit-common",
]

[[package]]
name = "backlit-protocols"
version = "0.1.0"
dependencies = [
 "backlit-common",
]

[[package]]
name = "backlit-session"
version = "0.1.0"
dependencies = [
 "backlit-common",
 "backlit-compositor-backend",
 "backlit-demo-client",
 "backlit-input",
 "backlit-launcher",
 "backlit-shortcuts",
 "backlit-surface",
 "backlit-window-policy",
]

[[package]]
name = "backlit-session-supervisor"
version = "0.1.0"
dependencies = [
 "backlit-common",
]

[[package]]
name = "backlit-settings"
version = "0.1.0"
dependencies = [
 "backlit-common",
 "backlit-launcher",
 "backlit-settings-daemon",
]

[[package]]
name = "backlit-settings-daemon"
version = "0.1.0"
dependencies = [
 "backlit-common",
]

[[package]]
name = "backlit-shell"
version = "0.1.0"
dependencies = [
 "backlit-common",
 "backlit-launcher",
 "backlit-settings-daemon",
 "backlit-shell-protocol",
]

[[package]]
name = "backlit-shell-protocol"
version = "0.1.0"

[[package]]
name = "backlit-shortcuts"
version = "0.1.0"
dependencies = [
 "backlit-common",
 "backlit-launcher",
]

[[package]]
name = "backlit-surface"
version = "0.1.0"
dependencies = [
 "backlit-common",
 "backlit-protocols",
 "backlit-window-policy",
]

[[package]]
name = "backlit-window-policy"
version = "0.1.0"
